<?xml version="1.0" encoding="UTF-8" standalone="yes" ?>
<CodeBlocks_project_file>
	<FileVersion major="1" minor="6" />
	<Project>
		<Option title="Vinnie Teh_TP064168_ICP Individual Assignment" />
		<Option pch_mode="2" />
		<Option compiler="gcc" />
		<Build>
			<Target title="Debug">
				<Option output="bin/Debug/Vinnie Teh_TP064168_ICP Individual Assignment" prefix_auto="1" extension_auto="1" />
				<Option object_output="obj/Debug/" />
				<Option type="1" />
				<Option compiler="gcc" />
				<Compiler>
					<Add option="-g" />
				</Compiler>
			</Target>
			<Target title="Release">
				<Option output="bin/Release/Vinnie Teh_TP064168_ICP Individual Assignment" prefix_auto="1" extension_auto="1" />
				<Option object_output="obj/Release/" />
				<Option type="1" />
				<Option compiler="gcc" />
				<Compiler>
					<Add option="-O2" />
				</Compiler>
				<Linker>
					<Add option="-s" />
				</Linker>
			</Target>
		</Build>
		<Compiler>
			<Add option="-Wall" />
		</Compiler>
		<Unit filename="April_school_report.txt" />
		<Unit filename="August_school_report.txt" />
		<Unit filename="December_school_report.txt" />
		<Unit filename="February_school_report.txt" />
		<Unit filename="January_Academic_Administration_report.txt" />
		<Unit filename="January_school_report.txt" />
		<Unit filename="July_school_report.txt" />
		<Unit filename="June_school_report.txt" />
		<Unit filename="March_school_report.txt" />
		<Unit filename="May_school_report.txt" />
		<Unit filename="November_school_report.txt" />
		<Unit filename="October_school_report.txt" />
		<Unit filename="September_school_report.txt" />
		<Unit filename="admin.c">
			<Option compilerVar="CC" />
		</Unit>
		<Unit filename="admin_login.txt" />
		<Unit filename="apply_leave.txt" />
		<Unit filename="approver.c">
			<Option compilerVar="CC" />
		</Unit>
		<Unit filename="department_leave.txt" />
		<Unit filename="extra_function.c">
			<Option compilerVar="CC" />
		</Unit>
		<Unit filename="file.c">
			<Option compilerVar="CC" />
		</Unit>
		<Unit filename="function.h" />
		<Unit filename="leave_calendar.txt" />
		<Unit filename="leave_summary.txt" />
		<Unit filename="login.c">
			<Option compilerVar="CC" />
		</Unit>
		<Unit filename="login.txt" />
		<Unit filename="main.c">
			<Option compilerVar="CC" />
		</Unit>
		<Unit filename="main.h" />
		<Unit filename="menu.c">
			<Option compilerVar="CC" />
		</Unit>
		<Unit filename="staff.c">
			<Option compilerVar="CC" />
		</Unit>
		<Unit filename="staff_info.txt" />
		<Extensions />
	</Project>
</CodeBlocks_project_file>
